<?xml version="1.0" encoding="utf-8"?>
<Project ToolsVersion="4.0" xmlns="http://schemas.microsoft.com/developer/msbuild/2003">
  <ItemGroup>
    <Filter Include="Source Files">
      <UniqueIdentifier>{4FC737F1-C7A5-4376-A066-2A32D752A2FF}</UniqueIdentifier>
      <Extensions>cpp;c;cc;cxx;c++;cppm;ixx;def;odl;idl;hpj;bat;asm;asmx</Extensions>
    </Filter>
    <Filter Include="Header Files">
      <UniqueIdentifier>{93995380-89BD-4b04-88EB-625FBE52EBFB}</UniqueIdentifier>
      <Extensions>h;hh;hpp;hxx;h++;hm;inl;inc;ipp;xsd</Extensions>
    </Filter>
    <Filter Include="Resource Files">
      <UniqueIdentifier>{67DA6AB6-F800-4c08-8B7A-83BB121AAD01}</UniqueIdentifier>
      <Extensions>rc;ico;cur;bmp;dlg;rc2;rct;bin;rgs;gif;jpg;jpeg;jpe;resx;tiff;tif;png;wav;mfcribbon-ms</Extensions>
    </Filter>
    <Filter Include="Tests">
      <UniqueIdentifier>{aacc0bff-d494-4bc1-b55b-5a33627ac794}</UniqueIdentifier>
    </Filter>
    <Filter Include="Tests\Fixtures">
      <UniqueIdentifier>{4cf0fa02-d271-4bf6-8459-3d1354cd429b}</UniqueIdentifier>
    </Filter>
  </ItemGroup>
  <ItemGroup>
    <ClCompile Include="main.cpp">
      <Filter>Source Files</Filter>
    </ClCompile>
  </ItemGroup>
  <ItemGroup>
    <ClInclude Include="HeapFunctions.h">
      <Filter>Header Files</Filter>
    </ClInclude>
    <ClInclude Include="Tests\1MakeHeapTest.h">
      <Filter>Tests</Filter>
    </ClInclude>
    <ClInclude Include="Tests\2PopHeapTest.h">
      <Filter>Tests</Filter>
    </ClInclude>
    <ClInclude Include="Tests\3PushHeapTest.h">
      <Filter>Tests</Filter>
    </ClInclude>
    <ClInclude Include="Tests\4ComparatorTest.h">
      <Filter>Tests</Filter>
    </ClInclude>
    <ClInclude Include="Tests\5ComparisonCounterTest.h">
      <Filter>Tests</Filter>
    </ClInclude>
    <ClInclude Include="Tests\Fixtures\CheckHeap.h">
      <Filter>Tests\Fixtures</Filter>
    </ClInclude>
    <ClInclude Include="Tests\Fixtures\CustomAsserts.h">
      <Filter>Tests\Fixtures</Filter>
    </ClInclude>
  </ItemGroup>
</Project>